
Microsoft Visual Studio Solution File, Format Version 12.00
# Visual Studio Version 16
VisualStudioVersion = 16.0.30621.155
MinimumVisualStudioVersion = 10.0.40219.1
Project("{FAE04EC0-301F-11D3-BF4B-00C04F79EFBC}") = "SimpleCircuitDesign", "SimpleCircuitDesign\SimpleCircuitDesign.csproj", "{BC118A8B-1AF7-4D9F-8318-B6DCDF470379}"
EndProject
Global
	GlobalSection(SolutionConfigurationPlatforms) = preSolution
		Debug|Any CPU = Debug|Any CPU
		Release|Any CPU = Release|Any CPU
	EndGlobalSection
	GlobalSection(ProjectConfigurationPlatforms) = postSolution
		{BC118A8B-1AF7-4D9F-8318-B6DCDF470379}.Debug|Any CPU.ActiveCfg = Debug|Any CPU
		{BC118A8B-1AF7-4D9F-8318-B6DCDF470379}.Debug|Any CPU.Build.0 = Debug|Any CPU
		{BC118A8B-1AF7-4D9F-8318-B6DCDF470379}.Release|Any CPU.ActiveCfg = Release|Any CPU
		{BC118A8B-1AF7-4D9F-8318-B6DCDF470379}.Release|Any CPU.Build.0 = Release|Any CPU
	EndGlobalSection
	GlobalSection(SolutionProperties) = preSolution
		HideSolutionNode = FALSE
	EndGlobalSection
	GlobalSection(ExtensibilityGlobals) = postSolution
		SolutionGuid = {5E1FF3B4-6274-49B2-ACA9-1843BF13CCF2}
	EndGlobalSection
EndGlobal
